
Microsoft Visual Studio Solution File, Format Version 12.00
# Visual Studio 15
VisualStudioVersion = 15.0.28307.329
MinimumVisualStudioVersion = 10.0.40219.1
Project("{FAE04EC0-301F-11D3-BF4B-00C04F79EFBC}") = "Concurrency", "Concurrency\Concurrency.csproj", "{CDEF6FDA-2025-45AB-AD19-E0877841EF36}"
EndProject
Global
	GlobalSection(SolutionConfigurationPlatforms) = preSolution
		Debug|Any CPU = Debug|Any CPU
		Release|Any CPU = Release|Any CPU
	EndGlobalSection
	GlobalSection(ProjectConfigurationPlatforms) = postSolution
		{CDEF6FDA-2025-45AB-AD19-E0877841EF36}.Debug|Any CPU.ActiveCfg = Debug|Any CPU
		{CDEF6FDA-2025-45AB-AD19-E0877841EF36}.Debug|Any CPU.Build.0 = Debug|Any CPU
		{CDEF6FDA-2025-45AB-AD19-E0877841EF36}.Release|Any CPU.ActiveCfg = Release|Any CPU
		{CDEF6FDA-2025-45AB-AD19-E0877841EF36}.Release|Any CPU.Build.0 = Release|Any CPU
	EndGlobalSection
	GlobalSection(SolutionProperties) = preSolution
		HideSolutionNode = FALSE
	EndGlobalSection
	GlobalSection(ExtensibilityGlobals) = postSolution
		SolutionGuid = {626928A4-761F-451C-8D08-B700836FC333}
	EndGlobalSection
EndGlobal
